
Microsoft Visual Studio Solution File, Format Version 12.00
# Visual Studio 14
VisualStudioVersion = 14.0.24720.0
MinimumVisualStudioVersion = 10.0.40219.1
Project("{FAE04EC0-301F-11D3-BF4B-00C04F79EFBC}") = "Many2Many", "Many2Many\Many2Many.csproj", "{F94CDA4A-A74A-4E82-8854-2299D6C03698}"
EndProject
Project("{FAE04EC0-301F-11D3-BF4B-00C04F79EFBC}") = "One2One", "One2One\One2One.csproj", "{F654DFD0-7E27-4897-A4B9-7F4D1A20C6C0}"
EndProject
Project("{2150E333-8FDC-42A3-9474-1A3956D46DE8}") = "02", "02", "{BF7DA185-589F-4BFC-AC1D-AC7F1204E633}"
EndProject
Project("{2150E333-8FDC-42A3-9474-1A3956D46DE8}") = "02-04-Relationship", "02-04-Relationship", "{286BF273-A3B7-43A4-9A74-869EC423B971}"
EndProject
Project("{2150E333-8FDC-42A3-9474-1A3956D46DE8}") = "02-02-Convention", "02-02-Convention", "{2E26834A-19BE-4D47-A597-05C252A3EA0B}"
EndProject
Project("{FAE04EC0-301F-11D3-BF4B-00C04F79EFBC}") = "02-02-Convention", "02-02-Convention\02-02-Convention.csproj", "{CFD51D46-F9DF-45D2-9BE2-AE6B09AE5BB7}"
EndProject
Project("{FAE04EC0-301F-11D3-BF4B-00C04F79EFBC}") = "02-04", "02-04\02-04.csproj", "{600B2E6B-D3C4-495E-A1D3-D559C6F453F7}"
EndProject
Project("{2150E333-8FDC-42A3-9474-1A3956D46DE8}") = "02-05", "02-05", "{64D8D04D-EB53-4B40-A290-80941690EEAA}"
EndProject
Project("{FAE04EC0-301F-11D3-BF4B-00C04F79EFBC}") = "02-05", "02-05\02-05.csproj", "{DBD0384E-689F-4815-A65D-9E802CEECC1A}"
EndProject
Project("{FAE04EC0-301F-11D3-BF4B-00C04F79EFBC}") = "One2Many", "One2Many\One2Many.csproj", "{7AC587DE-8D2D-4711-A29A-ADD133C8EAC3}"
EndProject
Project("{2150E333-8FDC-42A3-9474-1A3956D46DE8}") = "03", "03", "{5368F52D-0638-46D0-9AA8-F9CFDADCC664}"
EndProject
Project("{2150E333-8FDC-42A3-9474-1A3956D46DE8}") = "03-01", "03-01", "{805B9AB1-CF08-401C-9D5D-81BDA7DB7927}"
EndProject
Project("{FAE04EC0-301F-11D3-BF4B-00C04F79EFBC}") = "03-01", "03-01\03-01.csproj", "{46855255-74CF-4FB6-9D6E-E9D5DD854581}"
EndProject
Project("{2150E333-8FDC-42A3-9474-1A3956D46DE8}") = "03-02", "03-02", "{CE1D9610-80B9-4BCB-95E4-200966D79411}"
EndProject
Project("{FAE04EC0-301F-11D3-BF4B-00C04F79EFBC}") = "03-02", "03-02\03-02.csproj", "{CC4A7F20-CB72-4C0C-B91A-B359AA5C239D}"
EndProject
Project("{2150E333-8FDC-42A3-9474-1A3956D46DE8}") = "03-03", "03-03", "{702D832E-0B60-4ACF-AEBC-3E0A94A1D24B}"
EndProject
Project("{FAE04EC0-301F-11D3-BF4B-00C04F79EFBC}") = "03_03", "03_03\03_03.csproj", "{9F6E49D9-649E-4797-B050-8699EBEC4E48}"
EndProject
Project("{2150E333-8FDC-42A3-9474-1A3956D46DE8}") = "03-04", "03-04", "{5A7541F8-107B-4720-90D1-F6E43BE2CD34}"
EndProject
Project("{FAE04EC0-301F-11D3-BF4B-00C04F79EFBC}") = "03_04", "03_04\03_04.csproj", "{144CEA23-018C-444C-8695-B201A75E2E8C}"
EndProject
Project("{2150E333-8FDC-42A3-9474-1A3956D46DE8}") = "Repository", "Repository", "{3851375B-EC6C-40A3-AED0-5ECC157CB881}"
EndProject
Project("{FAE04EC0-301F-11D3-BF4B-00C04F79EFBC}") = "MVC_Repository", "MVC_Repository\MVC_Repository.csproj", "{66B780E8-E44C-4523-B9D3-6D877A0A0D5F}"
EndProject
Project("{2150E333-8FDC-42A3-9474-1A3956D46DE8}") = "Polly", "Polly", "{E5428B09-A59F-4ADE-920D-12FFC54D4C11}"
EndProject
Project("{FAE04EC0-301F-11D3-BF4B-00C04F79EFBC}") = "MyPolly", "MyPolly\MyPolly.csproj", "{9D286E33-988A-4441-BB6B-2A4F8E51D150}"
EndProject
Project("{2150E333-8FDC-42A3-9474-1A3956D46DE8}") = "05", "05", "{EA7AFD09-D882-4222-90E9-EAD05221CBF9}"
EndProject
Project("{2150E333-8FDC-42A3-9474-1A3956D46DE8}") = "05-03", "05-03", "{6A5639A7-137F-4622-8CD0-90C61996E497}"
EndProject
Project("{FAE04EC0-301F-11D3-BF4B-00C04F79EFBC}") = "05-03", "05-03\05-03.csproj", "{BAF7C26F-EDCB-423E-B00C-79FA54CBB759}"
EndProject
Project("{2150E333-8FDC-42A3-9474-1A3956D46DE8}") = "05-03-TransactionScope", "05-03-TransactionScope", "{7FC8186A-B1DB-43D8-98C9-6F389C1ABDD5}"
EndProject
Project("{FAE04EC0-301F-11D3-BF4B-00C04F79EFBC}") = "05-03-TransactionScope", "05-03-TransactionScope\05-03-TransactionScope.csproj", "{A3B24668-D323-4955-ABFF-1A9A2992ABC0}"
EndProject
Project("{2150E333-8FDC-42A3-9474-1A3956D46DE8}") = "06", "06", "{DE54E8BB-AF0E-4F6E-83F4-E325284D4842}"
EndProject
Project("{2150E333-8FDC-42A3-9474-1A3956D46DE8}") = "06-01", "06-01", "{B678CB18-4477-4E13-958C-06F6EAF1F979}"
EndProject
Project("{FAE04EC0-301F-11D3-BF4B-00C04F79EFBC}") = "06-01", "06-01\06-01.csproj", "{26BEF043-54B7-4F46-A66C-E1FCB5044EA2}"
EndProject
Project("{2150E333-8FDC-42A3-9474-1A3956D46DE8}") = "08", "08", "{2A15F618-7F41-4C8C-9E7F-601F4DFBA684}"
EndProject
Project("{FAE04EC0-301F-11D3-BF4B-00C04F79EFBC}") = "EF.Core", "EFUnitOfWork\EF.Core\EF.Core.csproj", "{4F073A8F-B03B-4211-9B36-FFF31AABE68C}"
EndProject
Project("{FAE04EC0-301F-11D3-BF4B-00C04F79EFBC}") = "EF.Data", "EFUnitOfWork\EF.Data\EF.Data.csproj", "{9D307A89-27A2-46FF-94BA-C42B242A925B}"
EndProject
Project("{FAE04EC0-301F-11D3-BF4B-00C04F79EFBC}") = "EFUnitOfWork", "EFUnitOfWork\EFUnitOfWork\EFUnitOfWork.csproj", "{C76A5F3B-5F7D-478B-80E5-F864DACC42D7}"
EndProject
Project("{2150E333-8FDC-42A3-9474-1A3956D46DE8}") = "Reflection", "Reflection", "{03BE8536-B651-4C11-825E-E9FACF8C35E1}"
EndProject
Project("{FAE04EC0-301F-11D3-BF4B-00C04F79EFBC}") = "MyReflection", "MyReflection\MyReflection.csproj", "{6627DB30-3DAB-4EE6-A54D-761AC47D56E2}"
EndProject
Project("{2150E333-8FDC-42A3-9474-1A3956D46DE8}") = "08-01", "08-01", "{E7FCC301-7CF7-478B-9D2E-E082AEBFB2F1}"
EndProject
Project("{2150E333-8FDC-42A3-9474-1A3956D46DE8}") = "08-02", "08-02", "{B918DCF8-684D-4171-A7B8-6F7038467193}"
EndProject
Project("{FAE04EC0-301F-11D3-BF4B-00C04F79EFBC}") = "EF.Core", "EFUnifOfWorkDI\EF.Core\EF.Core.csproj", "{08469BF9-A101-4464-98E3-6B83556201C9}"
EndProject
Project("{FAE04EC0-301F-11D3-BF4B-00C04F79EFBC}") = "EF.Data", "EFUnifOfWorkDI\EF.Data\EF.Data.csproj", "{D134668F-1A29-4D13-841D-C80376C5D792}"
EndProject
Project("{FAE04EC0-301F-11D3-BF4B-00C04F79EFBC}") = "EF.Service", "EFUnifOfWorkDI\EF.Service\EF.Service.csproj", "{3E3DA39B-BFB5-4E7E-BFC5-812F9E0F6D3F}"
EndProject
Project("{FAE04EC0-301F-11D3-BF4B-00C04F79EFBC}") = "EFUnitOfWorkDI", "EFUnifOfWorkDI\EFUnitOfWorkDI\EFUnitOfWorkDI.csproj", "{3117FD69-A00E-4844-AFF6-88A58EBE29CE}"
EndProject
Project("{2150E333-8FDC-42A3-9474-1A3956D46DE8}") = "EntityFramework6.x-And-Core2.0", "EntityFramework6.x-And-Core2.0", "{F9FC7C95-069B-4133-8726-D17E63D7C275}"
	ProjectSection(SolutionItems) = preProject
		..\..\MVC\EntityFramework6.x-And-Core2.0\EntityFramework6.x-And-Core2.0.zip = ..\..\MVC\EntityFramework6.x-And-Core2.0\EntityFramework6.x-And-Core2.0.zip
	EndProjectSection
EndProject
Project("{2150E333-8FDC-42A3-9474-1A3956D46DE8}") = "DDD", "DDD", "{0D05DBCF-DA90-490E-B556-DC196DBEA0AB}"
EndProject
Project("{FAE04EC0-301F-11D3-BF4B-00C04F79EFBC}") = "DDD.Web", "DDD\DDD.Web\DDD.Web.csproj", "{87AD6897-EFB4-4054-90A9-50ADAB1B5D3D}"
EndProject
Global
	GlobalSection(SolutionConfigurationPlatforms) = preSolution
		Debug|Any CPU = Debug|Any CPU
		Release|Any CPU = Release|Any CPU
	EndGlobalSection
	GlobalSection(ProjectConfigurationPlatforms) = postSolution
		{F94CDA4A-A74A-4E82-8854-2299D6C03698}.Debug|Any CPU.ActiveCfg = Debug|Any CPU
		{F94CDA4A-A74A-4E82-8854-2299D6C03698}.Debug|Any CPU.Build.0 = Debug|Any CPU
		{F94CDA4A-A74A-4E82-8854-2299D6C03698}.Release|Any CPU.ActiveCfg = Release|Any CPU
		{F94CDA4A-A74A-4E82-8854-2299D6C03698}.Release|Any CPU.Build.0 = Release|Any CPU
		{F654DFD0-7E27-4897-A4B9-7F4D1A20C6C0}.Debug|Any CPU.ActiveCfg = Debug|Any CPU
		{F654DFD0-7E27-4897-A4B9-7F4D1A20C6C0}.Debug|Any CPU.Build.0 = Debug|Any CPU
		{F654DFD0-7E27-4897-A4B9-7F4D1A20C6C0}.Release|Any CPU.ActiveCfg = Release|Any CPU
		{F654DFD0-7E27-4897-A4B9-7F4D1A20C6C0}.Release|Any CPU.Build.0 = Release|Any CPU
		{CFD51D46-F9DF-45D2-9BE2-AE6B09AE5BB7}.Debug|Any CPU.ActiveCfg = Debug|Any CPU
		{CFD51D46-F9DF-45D2-9BE2-AE6B09AE5BB7}.Debug|Any CPU.Build.0 = Debug|Any CPU
		{CFD51D46-F9DF-45D2-9BE2-AE6B09AE5BB7}.Release|Any CPU.ActiveCfg = Release|Any CPU
		{CFD51D46-F9DF-45D2-9BE2-AE6B09AE5BB7}.Release|Any CPU.Build.0 = Release|Any CPU
		{600B2E6B-D3C4-495E-A1D3-D559C6F453F7}.Debug|Any CPU.ActiveCfg = Debug|Any CPU
		{600B2E6B-D3C4-495E-A1D3-D559C6F453F7}.Debug|Any CPU.Build.0 = Debug|Any CPU
		{600B2E6B-D3C4-495E-A1D3-D559C6F453F7}.Release|Any CPU.ActiveCfg = Release|Any CPU
		{600B2E6B-D3C4-495E-A1D3-D559C6F453F7}.Release|Any CPU.Build.0 = Release|Any CPU
		{DBD0384E-689F-4815-A65D-9E802CEECC1A}.Debug|Any CPU.ActiveCfg = Debug|Any CPU
		{DBD0384E-689F-4815-A65D-9E802CEECC1A}.Debug|Any CPU.Build.0 = Debug|Any CPU
		{DBD0384E-689F-4815-A65D-9E802CEECC1A}.Release|Any CPU.ActiveCfg = Release|Any CPU
		{DBD0384E-689F-4815-A65D-9E802CEECC1A}.Release|Any CPU.Build.0 = Release|Any CPU
		{7AC587DE-8D2D-4711-A29A-ADD133C8EAC3}.Debug|Any CPU.ActiveCfg = Debug|Any CPU
		{7AC587DE-8D2D-4711-A29A-ADD133C8EAC3}.Debug|Any CPU.Build.0 = Debug|Any CPU
		{7AC587DE-8D2D-4711-A29A-ADD133C8EAC3}.Release|Any CPU.ActiveCfg = Release|Any CPU
		{7AC587DE-8D2D-4711-A29A-ADD133C8EAC3}.Release|Any CPU.Build.0 = Release|Any CPU
		{46855255-74CF-4FB6-9D6E-E9D5DD854581}.Debug|Any CPU.ActiveCfg = Debug|Any CPU
		{46855255-74CF-4FB6-9D6E-E9D5DD854581}.Debug|Any CPU.Build.0 = Debug|Any CPU
		{46855255-74CF-4FB6-9D6E-E9D5DD854581}.Release|Any CPU.ActiveCfg = Release|Any CPU
		{46855255-74CF-4FB6-9D6E-E9D5DD854581}.Release|Any CPU.Build.0 = Release|Any CPU
		{CC4A7F20-CB72-4C0C-B91A-B359AA5C239D}.Debug|Any CPU.ActiveCfg = Debug|Any CPU
		{CC4A7F20-CB72-4C0C-B91A-B359AA5C239D}.Debug|Any CPU.Build.0 = Debug|Any CPU
		{CC4A7F20-CB72-4C0C-B91A-B359AA5C239D}.Release|Any CPU.ActiveCfg = Release|Any CPU
		{CC4A7F20-CB72-4C0C-B91A-B359AA5C239D}.Release|Any CPU.Build.0 = Release|Any CPU
		{9F6E49D9-649E-4797-B050-8699EBEC4E48}.Debug|Any CPU.ActiveCfg = Debug|Any CPU
		{9F6E49D9-649E-4797-B050-8699EBEC4E48}.Debug|Any CPU.Build.0 = Debug|Any CPU
		{9F6E49D9-649E-4797-B050-8699EBEC4E48}.Release|Any CPU.ActiveCfg = Release|Any CPU
		{9F6E49D9-649E-4797-B050-8699EBEC4E48}.Release|Any CPU.Build.0 = Release|Any CPU
		{144CEA23-018C-444C-8695-B201A75E2E8C}.Debug|Any CPU.ActiveCfg = Debug|Any CPU
		{144CEA23-018C-444C-8695-B201A75E2E8C}.Debug|Any CPU.Build.0 = Debug|Any CPU
		{144CEA23-018C-444C-8695-B201A75E2E8C}.Release|Any CPU.ActiveCfg = Release|Any CPU
		{144CEA23-018C-444C-8695-B201A75E2E8C}.Release|Any CPU.Build.0 = Release|Any CPU
		{66B780E8-E44C-4523-B9D3-6D877A0A0D5F}.Debug|Any CPU.ActiveCfg = Debug|Any CPU
		{66B780E8-E44C-4523-B9D3-6D877A0A0D5F}.Debug|Any CPU.Build.0 = Debug|Any CPU
		{66B780E8-E44C-4523-B9D3-6D877A0A0D5F}.Release|Any CPU.ActiveCfg = Release|Any CPU
		{66B780E8-E44C-4523-B9D3-6D877A0A0D5F}.Release|Any CPU.Build.0 = Release|Any CPU
		{9D286E33-988A-4441-BB6B-2A4F8E51D150}.Debug|Any CPU.ActiveCfg = Debug|Any CPU
		{9D286E33-988A-4441-BB6B-2A4F8E51D150}.Debug|Any CPU.Build.0 = Debug|Any CPU
		{9D286E33-988A-4441-BB6B-2A4F8E51D150}.Release|Any CPU.ActiveCfg = Release|Any CPU
		{9D286E33-988A-4441-BB6B-2A4F8E51D150}.Release|Any CPU.Build.0 = Release|Any CPU
		{BAF7C26F-EDCB-423E-B00C-79FA54CBB759}.Debug|Any CPU.ActiveCfg = Debug|Any CPU
		{BAF7C26F-EDCB-423E-B00C-79FA54CBB759}.Debug|Any CPU.Build.0 = Debug|Any CPU
		{BAF7C26F-EDCB-423E-B00C-79FA54CBB759}.Release|Any CPU.ActiveCfg = Release|Any CPU
		{BAF7C26F-EDCB-423E-B00C-79FA54CBB759}.Release|Any CPU.Build.0 = Release|Any CPU
		{A3B24668-D323-4955-ABFF-1A9A2992ABC0}.Debug|Any CPU.ActiveCfg = Debug|Any CPU
		{A3B24668-D323-4955-ABFF-1A9A2992ABC0}.Debug|Any CPU.Build.0 = Debug|Any CPU
		{A3B24668-D323-4955-ABFF-1A9A2992ABC0}.Release|Any CPU.ActiveCfg = Release|Any CPU
		{A3B24668-D323-4955-ABFF-1A9A2992ABC0}.Release|Any CPU.Build.0 = Release|Any CPU
		{26BEF043-54B7-4F46-A66C-E1FCB5044EA2}.Debug|Any CPU.ActiveCfg = Debug|Any CPU
		{26BEF043-54B7-4F46-A66C-E1FCB5044EA2}.Debug|Any CPU.Build.0 = Debug|Any CPU
		{26BEF043-54B7-4F46-A66C-E1FCB5044EA2}.Release|Any CPU.ActiveCfg = Release|Any CPU
		{26BEF043-54B7-4F46-A66C-E1FCB5044EA2}.Release|Any CPU.Build.0 = Release|Any CPU
		{4F073A8F-B03B-4211-9B36-FFF31AABE68C}.Debug|Any CPU.ActiveCfg = Debug|Any CPU
		{4F073A8F-B03B-4211-9B36-FFF31AABE68C}.Debug|Any CPU.Build.0 = Debug|Any CPU
		{4F073A8F-B03B-4211-9B36-FFF31AABE68C}.Release|Any CPU.ActiveCfg = Release|Any CPU
		{4F073A8F-B03B-4211-9B36-FFF31AABE68C}.Release|Any CPU.Build.0 = Release|Any CPU
		{9D307A89-27A2-46FF-94BA-C42B242A925B}.Debug|Any CPU.ActiveCfg = Debug|Any CPU
		{9D307A89-27A2-46FF-94BA-C42B242A925B}.Debug|Any CPU.Build.0 = Debug|Any CPU
		{9D307A89-27A2-46FF-94BA-C42B242A925B}.Release|Any CPU.ActiveCfg = Release|Any CPU
		{9D307A89-27A2-46FF-94BA-C42B242A925B}.Release|Any CPU.Build.0 = Release|Any CPU
		{C76A5F3B-5F7D-478B-80E5-F864DACC42D7}.Debug|Any CPU.ActiveCfg = Debug|Any CPU
		{C76A5F3B-5F7D-478B-80E5-F864DACC42D7}.Debug|Any CPU.Build.0 = Debug|Any CPU
		{C76A5F3B-5F7D-478B-80E5-F864DACC42D7}.Release|Any CPU.ActiveCfg = Release|Any CPU
		{C76A5F3B-5F7D-478B-80E5-F864DACC42D7}.Release|Any CPU.Build.0 = Release|Any CPU
		{6627DB30-3DAB-4EE6-A54D-761AC47D56E2}.Debug|Any CPU.ActiveCfg = Debug|Any CPU
		{6627DB30-3DAB-4EE6-A54D-761AC47D56E2}.Debug|Any CPU.Build.0 = Debug|Any CPU
		{6627DB30-3DAB-4EE6-A54D-761AC47D56E2}.Release|Any CPU.ActiveCfg = Release|Any CPU
		{6627DB30-3DAB-4EE6-A54D-761AC47D56E2}.Release|Any CPU.Build.0 = Release|Any CPU
		{08469BF9-A101-4464-98E3-6B83556201C9}.Debug|Any CPU.ActiveCfg = Debug|Any CPU
		{08469BF9-A101-4464-98E3-6B83556201C9}.Debug|Any CPU.Build.0 = Debug|Any CPU
		{08469BF9-A101-4464-98E3-6B83556201C9}.Release|Any CPU.ActiveCfg = Release|Any CPU
		{08469BF9-A101-4464-98E3-6B83556201C9}.Release|Any CPU.Build.0 = Release|Any CPU
		{D134668F-1A29-4D13-841D-C80376C5D792}.Debug|Any CPU.ActiveCfg = Debug|Any CPU
		{D134668F-1A29-4D13-841D-C80376C5D792}.Debug|Any CPU.Build.0 = Debug|Any CPU
		{D134668F-1A29-4D13-841D-C80376C5D792}.Release|Any CPU.ActiveCfg = Release|Any CPU
		{D134668F-1A29-4D13-841D-C80376C5D792}.Release|Any CPU.Build.0 = Release|Any CPU
		{3E3DA39B-BFB5-4E7E-BFC5-812F9E0F6D3F}.Debug|Any CPU.ActiveCfg = Debug|Any CPU
		{3E3DA39B-BFB5-4E7E-BFC5-812F9E0F6D3F}.Debug|Any CPU.Build.0 = Debug|Any CPU
		{3E3DA39B-BFB5-4E7E-BFC5-812F9E0F6D3F}.Release|Any CPU.ActiveCfg = Release|Any CPU
		{3E3DA39B-BFB5-4E7E-BFC5-812F9E0F6D3F}.Release|Any CPU.Build.0 = Release|Any CPU
		{3117FD69-A00E-4844-AFF6-88A58EBE29CE}.Debug|Any CPU.ActiveCfg = Debug|Any CPU
		{3117FD69-A00E-4844-AFF6-88A58EBE29CE}.Debug|Any CPU.Build.0 = Debug|Any CPU
		{3117FD69-A00E-4844-AFF6-88A58EBE29CE}.Release|Any CPU.ActiveCfg = Release|Any CPU
		{3117FD69-A00E-4844-AFF6-88A58EBE29CE}.Release|Any CPU.Build.0 = Release|Any CPU
		{87AD6897-EFB4-4054-90A9-50ADAB1B5D3D}.Debug|Any CPU.ActiveCfg = Debug|Any CPU
		{87AD6897-EFB4-4054-90A9-50ADAB1B5D3D}.Debug|Any CPU.Build.0 = Debug|Any CPU
		{87AD6897-EFB4-4054-90A9-50ADAB1B5D3D}.Release|Any CPU.ActiveCfg = Release|Any CPU
		{87AD6897-EFB4-4054-90A9-50ADAB1B5D3D}.Release|Any CPU.Build.0 = Release|Any CPU
	EndGlobalSection
	GlobalSection(SolutionProperties) = preSolution
		HideSolutionNode = FALSE
	EndGlobalSection
	GlobalSection(NestedProjects) = preSolution
		{F94CDA4A-A74A-4E82-8854-2299D6C03698} = {286BF273-A3B7-43A4-9A74-869EC423B971}
		{F654DFD0-7E27-4897-A4B9-7F4D1A20C6C0} = {286BF273-A3B7-43A4-9A74-869EC423B971}
		{286BF273-A3B7-43A4-9A74-869EC423B971} = {BF7DA185-589F-4BFC-AC1D-AC7F1204E633}
		{2E26834A-19BE-4D47-A597-05C252A3EA0B} = {BF7DA185-589F-4BFC-AC1D-AC7F1204E633}
		{CFD51D46-F9DF-45D2-9BE2-AE6B09AE5BB7} = {2E26834A-19BE-4D47-A597-05C252A3EA0B}
		{600B2E6B-D3C4-495E-A1D3-D559C6F453F7} = {286BF273-A3B7-43A4-9A74-869EC423B971}
		{64D8D04D-EB53-4B40-A290-80941690EEAA} = {BF7DA185-589F-4BFC-AC1D-AC7F1204E633}
		{DBD0384E-689F-4815-A65D-9E802CEECC1A} = {64D8D04D-EB53-4B40-A290-80941690EEAA}
		{7AC587DE-8D2D-4711-A29A-ADD133C8EAC3} = {286BF273-A3B7-43A4-9A74-869EC423B971}
		{805B9AB1-CF08-401C-9D5D-81BDA7DB7927} = {5368F52D-0638-46D0-9AA8-F9CFDADCC664}
		{46855255-74CF-4FB6-9D6E-E9D5DD854581} = {805B9AB1-CF08-401C-9D5D-81BDA7DB7927}
		{CE1D9610-80B9-4BCB-95E4-200966D79411} = {5368F52D-0638-46D0-9AA8-F9CFDADCC664}
		{CC4A7F20-CB72-4C0C-B91A-B359AA5C239D} = {CE1D9610-80B9-4BCB-95E4-200966D79411}
		{702D832E-0B60-4ACF-AEBC-3E0A94A1D24B} = {5368F52D-0638-46D0-9AA8-F9CFDADCC664}
		{9F6E49D9-649E-4797-B050-8699EBEC4E48} = {702D832E-0B60-4ACF-AEBC-3E0A94A1D24B}
		{5A7541F8-107B-4720-90D1-F6E43BE2CD34} = {5368F52D-0638-46D0-9AA8-F9CFDADCC664}
		{144CEA23-018C-444C-8695-B201A75E2E8C} = {5A7541F8-107B-4720-90D1-F6E43BE2CD34}
		{66B780E8-E44C-4523-B9D3-6D877A0A0D5F} = {3851375B-EC6C-40A3-AED0-5ECC157CB881}
		{9D286E33-988A-4441-BB6B-2A4F8E51D150} = {E5428B09-A59F-4ADE-920D-12FFC54D4C11}
		{6A5639A7-137F-4622-8CD0-90C61996E497} = {EA7AFD09-D882-4222-90E9-EAD05221CBF9}
		{BAF7C26F-EDCB-423E-B00C-79FA54CBB759} = {6A5639A7-137F-4622-8CD0-90C61996E497}
		{7FC8186A-B1DB-43D8-98C9-6F389C1ABDD5} = {EA7AFD09-D882-4222-90E9-EAD05221CBF9}
		{A3B24668-D323-4955-ABFF-1A9A2992ABC0} = {7FC8186A-B1DB-43D8-98C9-6F389C1ABDD5}
		{B678CB18-4477-4E13-958C-06F6EAF1F979} = {DE54E8BB-AF0E-4F6E-83F4-E325284D4842}
		{26BEF043-54B7-4F46-A66C-E1FCB5044EA2} = {B678CB18-4477-4E13-958C-06F6EAF1F979}
		{4F073A8F-B03B-4211-9B36-FFF31AABE68C} = {E7FCC301-7CF7-478B-9D2E-E082AEBFB2F1}
		{9D307A89-27A2-46FF-94BA-C42B242A925B} = {E7FCC301-7CF7-478B-9D2E-E082AEBFB2F1}
		{C76A5F3B-5F7D-478B-80E5-F864DACC42D7} = {E7FCC301-7CF7-478B-9D2E-E082AEBFB2F1}
		{6627DB30-3DAB-4EE6-A54D-761AC47D56E2} = {03BE8536-B651-4C11-825E-E9FACF8C35E1}
		{E7FCC301-7CF7-478B-9D2E-E082AEBFB2F1} = {2A15F618-7F41-4C8C-9E7F-601F4DFBA684}
		{B918DCF8-684D-4171-A7B8-6F7038467193} = {2A15F618-7F41-4C8C-9E7F-601F4DFBA684}
		{08469BF9-A101-4464-98E3-6B83556201C9} = {B918DCF8-684D-4171-A7B8-6F7038467193}
		{D134668F-1A29-4D13-841D-C80376C5D792} = {B918DCF8-684D-4171-A7B8-6F7038467193}
		{3E3DA39B-BFB5-4E7E-BFC5-812F9E0F6D3F} = {B918DCF8-684D-4171-A7B8-6F7038467193}
		{3117FD69-A00E-4844-AFF6-88A58EBE29CE} = {B918DCF8-684D-4171-A7B8-6F7038467193}
		{87AD6897-EFB4-4054-90A9-50ADAB1B5D3D} = {0D05DBCF-DA90-490E-B556-DC196DBEA0AB}
	EndGlobalSection
	GlobalSection(ExtensibilityGlobals) = postSolution
		SolutionGuid = {11F99943-6505-495B-BBE0-97C2DBBB652E}
	EndGlobalSection
EndGlobal
